<?xml version="1.0" encoding="utf-8"?>
<Project ToolsVersion="4.0" xmlns="http://schemas.microsoft.com/developer/msbuild/2003">
  <ItemGroup>
    <Filter Include="Source Files">
      <UniqueIdentifier>{4FC737F1-C7A5-4376-A066-2A32D752A2FF}</UniqueIdentifier>
      <Extensions>cpp;c;cc;cxx;c++;cppm;ixx;def;odl;idl;hpj;bat;asm;asmx</Extensions>
    </Filter>
    <Filter Include="Header Files">
      <UniqueIdentifier>{93995380-89BD-4b04-88EB-625FBE52EBFB}</UniqueIdentifier>
      <Extensions>h;hh;hpp;hxx;h++;hm;inl;inc;ipp;xsd</Extensions>
    </Filter>
    <Filter Include="Resource Files">
      <UniqueIdentifier>{67DA6AB6-F800-4c08-8B7A-83BB121AAD01}</UniqueIdentifier>
      <Extensions>rc;ico;cur;bmp;dlg;rc2;rct;bin;rgs;gif;jpg;jpeg;jpe;resx;tiff;tif;png;wav;mfcribbon-ms</Extensions>
    </Filter>
    <Filter Include="Header Files\Components">
      <UniqueIdentifier>{840ef56b-0592-4166-9e94-e52aca6c9145}</UniqueIdentifier>
    </Filter>
    <Filter Include="Source Files\Components">
      <UniqueIdentifier>{41add43b-97f8-4611-a567-b74afeb27873}</UniqueIdentifier>
    </Filter>
    <Filter Include="Header Files\Entities">
      <UniqueIdentifier>{71c4dbac-69d8-4547-8fd3-97047b8cc2ee}</UniqueIdentifier>
    </Filter>
    <Filter Include="Source Files\Entities">
      <UniqueIdentifier>{34d51348-9bd7-4f93-91c1-aea8f105ff78}</UniqueIdentifier>
    </Filter>
    <Filter Include="Resource Files\Images">
      <UniqueIdentifier>{97b24d52-939a-40b7-9fb0-8f71e80bac89}</UniqueIdentifier>
    </Filter>
    <Filter Include="Resource Files\TileMaps">
      <UniqueIdentifier>{00d1487e-14c1-4344-a126-a542c556004a}</UniqueIdentifier>
    </Filter>
    <Filter Include="Header Files\Enums">
      <UniqueIdentifier>{16da716b-2c3d-4f0c-b9a0-3238aecf6ab1}</UniqueIdentifier>
    </Filter>
    <Filter Include="Resource Files\Fonts">
      <UniqueIdentifier>{ff736a5d-30fc-4533-b8dd-83afac148bbe}</UniqueIdentifier>
    </Filter>
  </ItemGroup>
  <ItemGroup>
    <ClCompile Include="main.cpp">
      <Filter>Source Files</Filter>
    </ClCompile>
    <ClCompile Include="Game.cpp">
      <Filter>Source Files</Filter>
    </ClCompile>
    <ClCompile Include="Entity.cpp">
      <Filter>Source Files\Entities</Filter>
    </ClCompile>
    <ClCompile Include="EntityManager.cpp">
      <Filter>Source Files</Filter>
    </ClCompile>
    <ClCompile Include="TransformComponent.cpp">
      <Filter>Source Files\Components</Filter>
    </ClCompile>
    <ClCompile Include="SpriteComponent.cpp">
      <Filter>Source Files\Components</Filter>
    </ClCompile>
    <ClCompile Include="AssetManager.cpp">
      <Filter>Source Files</Filter>
    </ClCompile>
    <ClCompile Include="KeyboardComponent.cpp">
      <Filter>Source Files\Components</Filter>
    </ClCompile>
    <ClCompile Include="Map.cpp">
      <Filter>Source Files</Filter>
    </ClCompile>
    <ClCompile Include="TileComponent.cpp">
      <Filter>Source Files\Components</Filter>
    </ClCompile>
    <ClCompile Include="ColliderComponent.cpp">
      <Filter>Source Files\Components</Filter>
    </ClCompile>
    <ClCompile Include="TextLabelComponent.cpp">
      <Filter>Source Files\Components</Filter>
    </ClCompile>
    <ClCompile Include="ProjectileEmitterComponent.cpp">
      <Filter>Source Files\Components</Filter>
    </ClCompile>
  </ItemGroup>
  <ItemGroup>
    <ClInclude Include="Game.h">
      <Filter>Header Files</Filter>
    </ClInclude>
    <ClInclude Include="Constants.h">
      <Filter>Header Files</Filter>
    </ClInclude>
    <ClInclude Include="Component.h">
      <Filter>Header Files\Components</Filter>
    </ClInclude>
    <ClInclude Include="Entity.h">
      <Filter>Header Files\Entities</Filter>
    </ClInclude>
    <ClInclude Include="EntityManager.h">
      <Filter>Header Files</Filter>
    </ClInclude>
    <ClInclude Include="TransformComponent.h">
      <Filter>Header Files\Components</Filter>
    </ClInclude>
    <ClInclude Include="SpriteComponent.h">
      <Filter>Header Files\Components</Filter>
    </ClInclude>
    <ClInclude Include="AssetManager.h">
      <Filter>Header Files</Filter>
    </ClInclude>
    <ClInclude Include="Animation.h">
      <Filter>Header Files</Filter>
    </ClInclude>
    <ClInclude Include="KeyboardComponent.h">
      <Filter>Header Files\Components</Filter>
    </ClInclude>
    <ClInclude Include="Map.h">
      <Filter>Header Files</Filter>
    </ClInclude>
    <ClInclude Include="TileComponent.h">
      <Filter>Header Files\Components</Filter>
    </ClInclude>
    <ClInclude Include="Enum.h">
      <Filter>Header Files\Enums</Filter>
    </ClInclude>
    <ClInclude Include="LayerTypeEnum.h">
      <Filter>Header Files\Enums</Filter>
    </ClInclude>
    <ClInclude Include="ColliderComponent.h">
      <Filter>Header Files\Components</Filter>
    </ClInclude>
    <ClInclude Include="CollisionTypeEnum.h">
      <Filter>Header Files\Enums</Filter>
    </ClInclude>
    <ClInclude Include="TextLabelComponent.h">
      <Filter>Header Files\Components</Filter>
    </ClInclude>
    <ClInclude Include="ProjectileEmitterComponent.h">
      <Filter>Header Files\Components</Filter>
    </ClInclude>
  </ItemGroup>
  <ItemGroup>
    <Image Include="Assets\Images\chopper-spritesheet.png">
      <Filter>Resource Files\Images</Filter>
    </Image>
    <Image Include="Assets\Images\tank-big-right.png">
      <Filter>Resource Files\Images</Filter>
    </Image>
    <Image Include="Assets\Images\radar-spritesheet.png">
      <Filter>Resource Files\Images</Filter>
    </Image>
    <Image Include="Assets\Tilemaps\jungle.png">
      <Filter>Resource Files\TileMaps</Filter>
    </Image>
    <Image Include="Assets\Images\heliport.png">
      <Filter>Resource Files\Images</Filter>
    </Image>
  </ItemGroup>
  <ItemGroup>
    <None Include="Assets\Tilemaps\jungle.map">
      <Filter>Resource Files\TileMaps</Filter>
    </None>
  </ItemGroup>
  <ItemGroup>
    <Font Include="Assets\Fonts\charriot.ttf">
      <Filter>Resource Files\Fonts</Filter>
    </Font>
    <Font Include="Assets\Fonts\arial.ttf">
      <Filter>Resource Files\Fonts</Filter>
    </Font>
  </ItemGroup>
</Project>