<?xml version="1.0" encoding="utf-8"?>
<Project ToolsVersion="4.0" xmlns="http://schemas.microsoft.com/developer/msbuild/2003">
  <ItemGroup>
    <Filter Include="Source Files">
      <UniqueIdentifier>{4FC737F1-C7A5-4376-A066-2A32D752A2FF}</UniqueIdentifier>
      <Extensions>cpp;c;cc;cxx;c++;def;odl;idl;hpj;bat;asm;asmx</Extensions>
    </Filter>
    <Filter Include="Header Files">
      <UniqueIdentifier>{93995380-89BD-4b04-88EB-625FBE52EBFB}</UniqueIdentifier>
      <Extensions>h;hh;hpp;hxx;h++;hm;inl;inc;ipp;xsd</Extensions>
    </Filter>
    <Filter Include="Resource Files">
      <UniqueIdentifier>{67DA6AB6-F800-4c08-8B7A-83BB121AAD01}</UniqueIdentifier>
      <Extensions>rc;ico;cur;bmp;dlg;rc2;rct;bin;rgs;gif;jpg;jpeg;jpe;resx;tiff;tif;png;wav;mfcribbon-ms</Extensions>
    </Filter>
    <Filter Include="Resource Files\Assets">
      <UniqueIdentifier>{77528d24-ea34-43f9-aa77-1ded194bb2ce}</UniqueIdentifier>
    </Filter>
    <Filter Include="Resource Files\Shaders">
      <UniqueIdentifier>{8e888f2e-6f7f-4f3f-8327-66a3be09c004}</UniqueIdentifier>
    </Filter>
    <Filter Include="Resource Files\Assets\Textures">
      <UniqueIdentifier>{d1cb7263-c0a4-45b1-9d60-0510184a4717}</UniqueIdentifier>
    </Filter>
    <Filter Include="Resource Files\Shaders\LightSource">
      <UniqueIdentifier>{7d0d9950-0e4b-42d8-b105-84e712cb42ea}</UniqueIdentifier>
    </Filter>
    <Filter Include="Resource Files\Shaders\Container">
      <UniqueIdentifier>{69fb7961-ee82-42d3-ad9f-fa356a18ca3a}</UniqueIdentifier>
    </Filter>
    <Filter Include="Resource Files\Assets\Objects">
      <UniqueIdentifier>{c532c797-e28f-4943-bb41-3fca63f45204}</UniqueIdentifier>
    </Filter>
    <Filter Include="Resource Files\Shaders\DepthTesting">
      <UniqueIdentifier>{149a9aec-942d-4f1d-a6fc-fbc2dd446e37}</UniqueIdentifier>
    </Filter>
    <Filter Include="Resource Files\Assets\Textures\Skybox">
      <UniqueIdentifier>{0e4cffed-e881-4e52-bbcd-30c706548181}</UniqueIdentifier>
    </Filter>
    <Filter Include="Resource Files\Shaders\Skybox">
      <UniqueIdentifier>{bda97bc1-c2b8-404a-8b7e-32475b488a7f}</UniqueIdentifier>
    </Filter>
  </ItemGroup>
  <ItemGroup>
    <ClCompile Include="Main.cpp">
      <Filter>Source Files</Filter>
    </ClCompile>
    <ClCompile Include="Utils.cpp">
      <Filter>Source Files</Filter>
    </ClCompile>
    <ClCompile Include="Window.cpp">
      <Filter>Source Files</Filter>
    </ClCompile>
    <ClCompile Include="..\..\..\Libraries\GLAD\src\glad.c">
      <Filter>Source Files</Filter>
    </ClCompile>
    <ClCompile Include="Shader.cpp">
      <Filter>Source Files</Filter>
    </ClCompile>
    <ClCompile Include="Camera.cpp">
      <Filter>Source Files</Filter>
    </ClCompile>
    <ClCompile Include="Game.cpp">
      <Filter>Source Files</Filter>
    </ClCompile>
    <ClCompile Include="Model.cpp">
      <Filter>Source Files</Filter>
    </ClCompile>
    <ClCompile Include="Mesh.cpp">
      <Filter>Source Files</Filter>
    </ClCompile>
  </ItemGroup>
  <ItemGroup>
    <ClInclude Include="Constants.h">
      <Filter>Header Files</Filter>
    </ClInclude>
    <ClInclude Include="Utils.h">
      <Filter>Header Files</Filter>
    </ClInclude>
    <ClInclude Include="Window.h">
      <Filter>Header Files</Filter>
    </ClInclude>
    <ClInclude Include="Shader.h">
      <Filter>Header Files</Filter>
    </ClInclude>
    <ClInclude Include="stb_image.h">
      <Filter>Header Files</Filter>
    </ClInclude>
    <ClInclude Include="Camera.h">
      <Filter>Header Files</Filter>
    </ClInclude>
    <ClInclude Include="Game.h">
      <Filter>Header Files</Filter>
    </ClInclude>
    <ClInclude Include="Model.h">
      <Filter>Header Files</Filter>
    </ClInclude>
    <ClInclude Include="Mesh.h">
      <Filter>Header Files</Filter>
    </ClInclude>
  </ItemGroup>
  <ItemGroup>
    <None Include="Shaders\Container\fragment.shader">
      <Filter>Resource Files\Shaders\Container</Filter>
    </None>
    <None Include="Shaders\Container\vertex.shader">
      <Filter>Resource Files\Shaders\Container</Filter>
    </None>
    <None Include="Shaders\LightSource\fragment.shader">
      <Filter>Resource Files\Shaders\LightSource</Filter>
    </None>
    <None Include="Shaders\LightSource\vertex.shader">
      <Filter>Resource Files\Shaders\LightSource</Filter>
    </None>
    <None Include="Shaders\DepthTesting\fragment.shader">
      <Filter>Resource Files\Shaders\DepthTesting</Filter>
    </None>
    <None Include="Shaders\DepthTesting\vertex.shader">
      <Filter>Resource Files\Shaders\DepthTesting</Filter>
    </None>
    <None Include="Shaders\Skybox\vertex.shader">
      <Filter>Resource Files\Shaders\Skybox</Filter>
    </None>
    <None Include="Shaders\Skybox\fragment.shader">
      <Filter>Resource Files\Shaders\Skybox</Filter>
    </None>
  </ItemGroup>
  <ItemGroup>
    <Image Include="Assets\Textures\awesomeface.png">
      <Filter>Resource Files\Assets\Textures</Filter>
    </Image>
    <Image Include="Assets\Textures\wall.jpg">
      <Filter>Resource Files\Assets\Textures</Filter>
    </Image>
    <Image Include="Assets\Textures\container.png">
      <Filter>Resource Files\Assets\Textures</Filter>
    </Image>
    <Image Include="Assets\Textures\container_specular.png">
      <Filter>Resource Files\Assets\Textures</Filter>
    </Image>
    <Image Include="Assets\Textures\matrix.jpg">
      <Filter>Resource Files\Assets\Textures</Filter>
    </Image>
    <Image Include="Assets\Textures\marble.jpg">
      <Filter>Resource Files\Assets\Textures</Filter>
    </Image>
    <Image Include="Assets\Textures\metal.png">
      <Filter>Resource Files\Assets\Textures</Filter>
    </Image>
    <Image Include="Assets\Textures\grass.png">
      <Filter>Resource Files\Assets\Textures</Filter>
    </Image>
    <Image Include="Assets\Textures\transparent_window.png">
      <Filter>Resource Files\Assets\Textures</Filter>
    </Image>
    <Image Include="Assets\Textures\Skybox\back.jpg">
      <Filter>Resource Files\Assets\Textures\Skybox</Filter>
    </Image>
    <Image Include="Assets\Textures\Skybox\bottom.jpg">
      <Filter>Resource Files\Assets\Textures\Skybox</Filter>
    </Image>
    <Image Include="Assets\Textures\Skybox\front.jpg">
      <Filter>Resource Files\Assets\Textures\Skybox</Filter>
    </Image>
    <Image Include="Assets\Textures\Skybox\left.jpg">
      <Filter>Resource Files\Assets\Textures\Skybox</Filter>
    </Image>
    <Image Include="Assets\Textures\Skybox\right.jpg">
      <Filter>Resource Files\Assets\Textures\Skybox</Filter>
    </Image>
    <Image Include="Assets\Textures\Skybox\top.jpg">
      <Filter>Resource Files\Assets\Textures\Skybox</Filter>
    </Image>
  </ItemGroup>
</Project>